
Microsoft Visual Studio Solution File, Format Version 12.00
# Visual Studio Version 16
VisualStudioVersion = 16.0.29215.179
MinimumVisualStudioVersion = 10.0.40219.1
Project("{FAE04EC0-301F-11D3-BF4B-00C04F79EFBC}") = "UltimateOsuServerSwitcher", "UltimateOsuServerSwitcher\UltimateOsuServerSwitcher.csproj", "{C7D2F832-D5F7-4338-97D8-AC77F20D192D}"
EndProject
Project("{FAE04EC0-301F-11D3-BF4B-00C04F79EFBC}") = "CertificateThumbprintReader", "CertificateThumbprintReader\CertificateThumbprintReader.csproj", "{D240533E-1B61-46D6-92FE-07CE78ADAA46}"
EndProject
Global
	GlobalSection(SolutionConfigurationPlatforms) = preSolution
		Debug|Any CPU = Debug|Any CPU
		Release|Any CPU = Release|Any CPU
	EndGlobalSection
	GlobalSection(ProjectConfigurationPlatforms) = postSolution
		{C7D2F832-D5F7-4338-97D8-AC77F20D192D}.Debug|Any CPU.ActiveCfg = Debug|Any CPU
		{C7D2F832-D5F7-4338-97D8-AC77F20D192D}.Debug|Any CPU.Build.0 = Debug|Any CPU
		{C7D2F832-D5F7-4338-97D8-AC77F20D192D}.Release|Any CPU.ActiveCfg = Release|Any CPU
		{C7D2F832-D5F7-4338-97D8-AC77F20D192D}.Release|Any CPU.Build.0 = Release|Any CPU
		{D240533E-1B61-46D6-92FE-07CE78ADAA46}.Debug|Any CPU.ActiveCfg = Debug|Any CPU
		{D240533E-1B61-46D6-92FE-07CE78ADAA46}.Debug|Any CPU.Build.0 = Debug|Any CPU
		{D240533E-1B61-46D6-92FE-07CE78ADAA46}.Release|Any CPU.ActiveCfg = Release|Any CPU
		{D240533E-1B61-46D6-92FE-07CE78ADAA46}.Release|Any CPU.Build.0 = Release|Any CPU
	EndGlobalSection
	GlobalSection(SolutionProperties) = preSolution
		HideSolutionNode = FALSE
	EndGlobalSection
	GlobalSection(ExtensibilityGlobals) = postSolution
		SolutionGuid = {6225269A-559F-4BB5-818F-861DB487AC3B}
	EndGlobalSection
EndGlobal
